{
  "lockfile_version": "1",
  "packages": {
    "github:NixOS/nixpkgs/nixpkgs-unstable": {
      "last_modified": "2026-09-29T03:29:29Z",
      "resolved": "github:NixOS/nixpkgs/b6c8664de9b6cc07fe5666a29f91884ba81197c4?lastModified=1790652569"
    },
    "goreleaser@2.17.1": {
      "last_modified": "2026-09-29T03:29:29Z",
      "resolved": "github:NixOS/nixpkgs/b6c8664de9b6cc07fe5666a29f91884ba81197c4#goreleaser",
      "source": "devbox-search",
      "version": "2.17.1",
      "systems": {
        "aarch64-darwin": {
          "outputs": [
            {
              "name": "out",
              "path": "/nix/store/xc1v4vi2k753mpyvw3x179a1902mcwwx-goreleaser-2.17.1",
              "default": true
            }
          ],
          "store_path": "/nix/store/xc1v4vi2k753mpyvw3x179a1902mcwwx-goreleaser-2.17.1"
        },
        "aarch64-linux": {
          "outputs": [
            {
              "name": "out",
              "path": "/nix/store/srsk0h3a14wkd1yfi5ajmjqxr5hfjlsm-goreleaser-2.17.1",
              "default": true
            }
          ],
          "store_path": "/nix/store/srsk0h3a14wkd1yfi5ajmjqxr5hfjlsm-goreleaser-2.17.1"
        },
        "x86_64-linux": {
          "outputs": [
            {
              "name": "out",
              "path": "/nix/store/kl03fvkql3kibd35in718pn3nf3xx0il-goreleaser-2.17.1",
              "default": true
            }
          ],
          "store_path": "/nix/store/kl03fvkql3kibd35in718pn3nf3xx0il-goreleaser-2.17.1"
        }
      }
    },
    "just-lsp@0.6.2": {
      "last_modified": "2026-09-04T02:50:00Z",
      "resolved": "github:NixOS/nixpkgs/e5ead30d0824debba629dcf0720abeddee57b7d6#just-lsp",
      "source": "devbox-search",
      "version": "0.6.2",
      "systems": {
        "aarch64-darwin": {
          "outputs": [
            {
              "name": "out",
              "path": "/nix/store/r7c1mv8mjm65fdn48sdm3f6wmrwmf5l6-just-lsp-0.6.2",
              "default": true
            }
          ],
          "store_path": "/nix/store/r7c1mv8mjm65fdn48sdm3f6wmrwmf5l6-just-lsp-0.6.2"
        },
        "aarch64-linux": {
          "outputs": [
            {
              "name": "out",
              "path": "/nix/store/rfxfvbygljg67nacgynjrgkr5wzmj27d-just-lsp-0.6.2",
              "default": true
            }
          ],
          "store_path": "/nix/store/rfxfvbygljg67nacgynjrgkr5wzmj27d-just-lsp-0.6.2"
        },
        "x86_64-linux": {
          "outputs": [
            {
              "name": "out",
              "path": "/nix/store/8wxajvj3jlyl5f2xb81ynwz88w8kcamf-just-lsp-0.6.2",
              "default": true
            }
          ],
          "store_path": "/nix/store/8wxajvj3jlyl5f2xb81ynwz88w8kcamf-just-lsp-0.6.2"
        }
      }
    },
    "just@1.58.0": {
      "last_modified": "2026-09-29T03:29:29Z",
      "resolved": "github:NixOS/nixpkgs/b6c8664de9b6cc07fe5666a29f91884ba81197c4#just",
      "source": "devbox-search",
      "version": "1.58.0",
      "systems": {
        "aarch64-darwin": {
          "outputs": [
            {
              "name": "out",
              "path": "/nix/store/7myigx4c7gvdmy66z82v4gsca1y6rcsg-just-1.58.0",
              "default": true
            },
            {
              "name": "man",
              "path": "/nix/store/ndglr8n0wkxk0qpjrfazxmz3kgpypwby-just-1.58.0-man",
              "default": true
            },
            {
              "name": "doc",
              "path": "/nix/store/z45ags4638k33f3d6lla74jfxampk9y7-just-1.58.0-doc"
            }
          ],
          "store_path": "/nix/store/7myigx4c7gvdmy66z82v4gsca1y6rcsg-just-1.58.0"
        },
        "aarch64-linux": {
          "outputs": [
            {
              "name": "out",
              "path": "/nix/store/6byz8zyiqvnj7kn3kadfdks3if6sb37k-just-1.58.0",
              "default": true
            },
            {
              "name": "man",
              "path": "/nix/store/0ih4iwq1rslhr6igk1m5h7rj9bpn7qh8-just-1.58.0-man",
              "default": true
            },
            {
              "name": "doc",
              "path": "/nix/store/w5xq1nrfdsyazp0zdjs8ks581ryqlw4v-just-1.58.0-doc"
            }
          ],
          "store_path": "/nix/store/6byz8zyiqvnj7kn3kadfdks3if6sb37k-just-1.58.0"
        },
        "x86_64-linux": {
          "outputs": [
            {
              "name": "out",
              "path": "/nix/store/qgliqnslmd0pgxar92s306ipxz5vdxx2-just-1.58.0",
              "default": true
            },
            {
              "name": "man",
              "path": "/nix/store/z0dsrhyy9d04c6sr75s9sjn2hnjaxhl3-just-1.58.0-man",
              "default": true
            },
            {
              "name": "doc",
              "path": "/nix/store/dpy7p6cx6mq4xn0hh16507gd9fz7nl32-just-1.58.0-doc"
            }
          ],
          "store_path": "/nix/store/qgliqnslmd0pgxar92s306ipxz5vdxx2-just-1.58.0"
        }
      }
    },
    "kubernetes-helm@4.2.4": {
      "last_modified": "2026-09-13T01:58:51Z",
      "resolved": "github:NixOS/nixpkgs/02f5696b0e6097e589076d886b317b83ff0437d7#kubernetes-helm",
      "source": "devbox-search",
      "version": "4.2.4",
      "systems": {
        "aarch64-darwin": {
          "outputs": [
            {
              "name": "out",
              "path": "/nix/store/iliy66ljfwgsqlwhsiw4mv17q5zarxsm-kubernetes-helm-4.2.4",
              "default": true
            }
          ],
          "store_path": "/nix/store/iliy66ljfwgsqlwhsiw4mv17q5zarxsm-kubernetes-helm-4.2.4"
        },
        "aarch64-linux": {
          "outputs": [
            {
              "name": "out",
              "path": "/nix/store/6lhz67pghv20aihdb0g4ma498f4w0fg2-kubernetes-helm-4.2.4",
              "default": true
            }
          ],
          "store_path": "/nix/store/6lhz67pghv20aihdb0g4ma498f4w0fg2-kubernetes-helm-4.2.4"
        },
        "x86_64-linux": {
          "outputs": [
            {
              "name": "out",
              "path": "/nix/store/69m712ydd319xm8bg7s744wqfca27fqj-kubernetes-helm-4.2.4",
              "default": true
            }
          ],
          "store_path": "/nix/store/69m712ydd319xm8bg7s744wqfca27fqj-kubernetes-helm-4.2.4"
        }
      }
    }
  }
}
